hash: b8493ffd36448d2df4e83bfac85ef5e65476973a0dd5d4b939b66d815f6873d7
updated: 2017-04-04T19:30:00.210962378+01:00
imports:
- name: github.com/asdine/storm
  version: c40e8d95426a80b23797ca9818ff2142a9401ddf
  subpackages:
  - codec
  - codec/json
  - index
  - internal
  - q
- name: github.com/boltdb/bolt
  version: e9cf4fae01b5a8ff89d0ec6b32f0d9c9f79aefdd
- name: github.com/cavaliercoder/grab
  version: e403b038e10c3c6aaf022ab0f8502bd659604140
- name: github.com/currantlabs/ble
  version: 0ebf31a6e39ffff68e811e0f139689f1ef81addc
  subpackages:
  - linux
  - linux/adv
  - linux/att
  - linux/gatt
  - linux/hci
  - linux/hci/cmd
  - linux/hci/evt
  - linux/hci/socket
- name: github.com/dsnet/compress
  version: b9aab3c6a04eef14c56384b4ad065e7b73438862
  subpackages:
  - bzip2
  - bzip2/internal/sais
  - internal
  - internal/prefix
- name: github.com/emirpasic/gods
  version: f6c17b524822278a87e3b3bd809fec33b51f5b46
  subpackages:
  - containers
  - trees
  - trees/redblacktree
  - utils
- name: github.com/fredli74/lockfile
  version: ad36330923e05763a7607f623b98c383bed727e2
- name: github.com/gorilla/context
  version: 08b5f424b9271eedf6f9f0ce86cb9396ed337a42
- name: github.com/gorilla/mux
  version: 392c28fe23e1c45ddba891b0320b3b5df220beea
- name: github.com/jmoiron/jsonq
  version: e874b168d07ecc7808bc950a17998a8aa3141d82
- name: github.com/lair-framework/go-nmap
  version: 5b53e4727b6b269bb22734852b4365dfa7db6c6c
- name: github.com/mattn/go-colorable
  version: a392f450ea64cee2b268dfaacdc2502b50a22b18
- name: github.com/mattn/go-isatty
  version: 57fdcb988a5c543893cc61bce354a6e24ab70022
- name: github.com/mgutz/ansi
  version: 9520e82c474b0a04dd04f8a40959027271bab992
- name: github.com/mgutz/logxi
  version: aebf8a7d67ab4625e0fd4a665766fef9a709161b
  subpackages:
  - v1
- name: github.com/mholt/archiver
  version: cdc68dd1f170b8dfc1a0d2231b5bb0967ed67006
- name: github.com/moul/http2curl
  version: 4e24498b31dba4683efb9d35c1c8a91e2eda28c8
- name: github.com/nwaples/rardecode
  version: f22b7ef81a0afac9ce1447d37e5ab8e99fbd2f73
- name: github.com/parnurzeal/gorequest
  version: a578a48e8d6ca8b01a3b18314c43c6716bb5f5a3
- name: github.com/pkg/errors
  version: 645ef00459ed84a119197bfb8d8205042c6df63d
- name: github.com/Sirupsen/logrus
  version: ba1b36c82c5e05c4f912a88eab0dcd91a171688f
- name: github.com/ulikunitz/xz
  version: 3807218c9f4ed05861fa9eb75b8fb8afd3325a34
  subpackages:
  - internal/hash
  - internal/xlog
  - lzma
- name: github.com/verybluebot/tarinator-go
  version: f75724675c91d0c731b69c81e0985de07663f007
- name: golang.org/x/net
  version: a6577fac2d73be281a500b310739095313165611
  subpackages:
  - context
  - publicsuffix
- name: golang.org/x/sys
  version: 99f16d856c9836c42d24e7ab64ea72916925fa97
  subpackages:
  - unix
testImports: []
