hash: fbc8dae34f332f4e4e74ba54b2786f9c7b1141657a9ed4f274456e0792a218b1
updated: 2017-09-07T12:26:28.66483479+01:00
imports:
- name: github.com/asdine/storm
  version: 2da548c16156b3197728372bff5614033084aff5
  subpackages:
  - codec
  - codec/json
  - index
  - internal
  - q
- name: github.com/boltdb/bolt
  version: e9cf4fae01b5a8ff89d0ec6b32f0d9c9f79aefdd
- name: github.com/cavaliercoder/grab
  version: e403b038e10c3c6aaf022ab0f8502bd659604140
- name: github.com/cenkalti/backoff
  version: 61153c768f31ee5f130071d08fc82b85208528de
- name: github.com/currantlabs/ble
  version: 0ebf31a6e39ffff68e811e0f139689f1ef81addc
  subpackages:
  - linux
  - linux/adv
  - linux/att
  - linux/gatt
  - linux/hci
  - linux/hci/cmd
  - linux/hci/evt
  - linux/hci/socket
- name: github.com/dsnet/compress
  version: b9aab3c6a04eef14c56384b4ad065e7b73438862
  subpackages:
  - bzip2
  - bzip2/internal/sais
  - internal
  - internal/prefix
- name: github.com/fredli74/lockfile
  version: ad36330923e05763a7607f623b98c383bed727e2
- name: github.com/godbus/dbus
  version: 37bf87eef99d69c4f1d3528bd66e3a87dc201472
- name: github.com/gorilla/context
  version: 08b5f424b9271eedf6f9f0ce86cb9396ed337a42
- name: github.com/gorilla/mux
  version: bcd8bc72b08df0f70df986b97f95590779502d31
- name: github.com/grandcat/zeroconf
  version: 2f133dcabb8c1dc0e63ec6bb9e2c405179db3033
- name: github.com/jmoiron/jsonq
  version: e874b168d07ecc7808bc950a17998a8aa3141d82
- name: github.com/mattn/go-colorable
  version: a392f450ea64cee2b268dfaacdc2502b50a22b18
- name: github.com/mattn/go-isatty
  version: 57fdcb988a5c543893cc61bce354a6e24ab70022
- name: github.com/mgutz/ansi
  version: 9520e82c474b0a04dd04f8a40959027271bab992
- name: github.com/mgutz/logxi
  version: aebf8a7d67ab4625e0fd4a665766fef9a709161b
  subpackages:
  - v1
- name: github.com/mholt/archiver
  version: cdc68dd1f170b8dfc1a0d2231b5bb0967ed67006
- name: github.com/miekg/dns
  version: e4205768578dc90c2669e75a2f8a8bf77e3083a4
- name: github.com/moul/http2curl
  version: 4e24498b31dba4683efb9d35c1c8a91e2eda28c8
- name: github.com/nwaples/rardecode
  version: f22b7ef81a0afac9ce1447d37e5ab8e99fbd2f73
- name: github.com/parnurzeal/gorequest
  version: a578a48e8d6ca8b01a3b18314c43c6716bb5f5a3
- name: github.com/pkg/errors
  version: 645ef00459ed84a119197bfb8d8205042c6df63d
- name: github.com/Sirupsen/logrus
  version: ba1b36c82c5e05c4f912a88eab0dcd91a171688f
- name: github.com/ulikunitz/xz
  version: 3807218c9f4ed05861fa9eb75b8fb8afd3325a34
  subpackages:
  - internal/hash
  - internal/xlog
  - lzma
- name: github.com/verybluebot/tarinator-go
  version: f75724675c91d0c731b69c81e0985de07663f007
- name: golang.org/x/net
  version: 090ebbdfc2aff44cc6674372b72e02e731f7f0ef
  subpackages:
  - bpf
  - context
  - internal/iana
  - internal/socket
  - ipv4
  - ipv6
  - publicsuffix
- name: golang.org/x/sys
  version: d8f5ea21b9295e315e612b4bcf4bedea93454d4d
  subpackages:
  - unix
testImports: []
